
Microsoft Visual Studio Solution File, Format Version 12.00
# Visual Studio Version 16
VisualStudioVersion = 16.0.31129.286
MinimumVisualStudioVersion = 10.0.40219.1
Project("{FAE04EC0-301F-11D3-BF4B-00C04F79EFBC}") = "ImageStitching", "ImageStitching\ImageStitching.csproj", "{895EF075-3389-4A99-AA49-7A15A975B9DA}"
EndProject
Global
	GlobalSection(SolutionConfigurationPlatforms) = preSolution
		Debug|Any CPU = Debug|Any CPU
		Release|Any CPU = Release|Any CPU
	EndGlobalSection
	GlobalSection(ProjectConfigurationPlatforms) = postSolution
		{895EF075-3389-4A99-AA49-7A15A975B9DA}.Debug|Any CPU.ActiveCfg = Debug|Any CPU
		{895EF075-3389-4A99-AA49-7A15A975B9DA}.Debug|Any CPU.Build.0 = Debug|Any CPU
		{895EF075-3389-4A99-AA49-7A15A975B9DA}.Release|Any CPU.ActiveCfg = Release|Any CPU
		{895EF075-3389-4A99-AA49-7A15A975B9DA}.Release|Any CPU.Build.0 = Release|Any CPU
	EndGlobalSection
	GlobalSection(SolutionProperties) = preSolution
		HideSolutionNode = FALSE
	EndGlobalSection
	GlobalSection(ExtensibilityGlobals) = postSolution
		SolutionGuid = {81779946-B45F-4042-9786-D37C477ED105}
	EndGlobalSection
EndGlobal
